
Microsoft Visual Studio Solution File, Format Version 12.00
# Visual Studio Version 17
VisualStudioVersion = 17.8.34309.116
MinimumVisualStudioVersion = 10.0.40219.1
Project("{FAE04EC0-301F-11D3-BF4B-00C04F79EFBC}") = "BLL.ClassLibrary", "BLL.ClassLibrary\BLL.ClassLibrary.csproj", "{6DC80E10-AA61-47BD-8F20-F69D76842462}"
EndProject
Project("{FAE04EC0-301F-11D3-BF4B-00C04F79EFBC}") = "BLL.ClassLibrary.xUnit.UnitTests", "BLL.ClassLibrary.xUnit.UnitTests\BLL.ClassLibrary.xUnit.UnitTests.csproj", "{FA7178AF-2DBA-47F4-B048-ADEC35AECFCE}"
EndProject
Global
	GlobalSection(SolutionConfigurationPlatforms) = preSolution
		Debug|Any CPU = Debug|Any CPU
		Release|Any CPU = Release|Any CPU
	EndGlobalSection
	GlobalSection(ProjectConfigurationPlatforms) = postSolution
		{6DC80E10-AA61-47BD-8F20-F69D76842462}.Debug|Any CPU.ActiveCfg = Debug|Any CPU
		{6DC80E10-AA61-47BD-8F20-F69D76842462}.Debug|Any CPU.Build.0 = Debug|Any CPU
		{6DC80E10-AA61-47BD-8F20-F69D76842462}.Release|Any CPU.ActiveCfg = Release|Any CPU
		{6DC80E10-AA61-47BD-8F20-F69D76842462}.Release|Any CPU.Build.0 = Release|Any CPU
		{FA7178AF-2DBA-47F4-B048-ADEC35AECFCE}.Debug|Any CPU.ActiveCfg = Debug|Any CPU
		{FA7178AF-2DBA-47F4-B048-ADEC35AECFCE}.Debug|Any CPU.Build.0 = Debug|Any CPU
		{FA7178AF-2DBA-47F4-B048-ADEC35AECFCE}.Release|Any CPU.ActiveCfg = Release|Any CPU
		{FA7178AF-2DBA-47F4-B048-ADEC35AECFCE}.Release|Any CPU.Build.0 = Release|Any CPU
	EndGlobalSection
	GlobalSection(SolutionProperties) = preSolution
		HideSolutionNode = FALSE
	EndGlobalSection
	GlobalSection(ExtensibilityGlobals) = postSolution
		SolutionGuid = {64777091-1182-4D85-93B6-22A289DC631C}
	EndGlobalSection
EndGlobal
